
Microsoft Visual Studio Solution File, Format Version 12.00
# Visual Studio Version 17
VisualStudioVersion = 17.8.34322.80
MinimumVisualStudioVersion = 10.0.40219.1
Project("{FAE04EC0-301F-11D3-BF4B-00C04F79EFBC}") = "Den lille tabel", "Den lille tabel\Den lille tabel.csproj", "{4037EC62-74BA-49EC-A2D4-1983559AA732}"
EndProject
Global
	GlobalSection(SolutionConfigurationPlatforms) = preSolution
		Debug|Any CPU = Debug|Any CPU
		Release|Any CPU = Release|Any CPU
	EndGlobalSection
	GlobalSection(ProjectConfigurationPlatforms) = postSolution
		{4037EC62-74BA-49EC-A2D4-1983559AA732}.Debug|Any CPU.ActiveCfg = Debug|Any CPU
		{4037EC62-74BA-49EC-A2D4-1983559AA732}.Debug|Any CPU.Build.0 = Debug|Any CPU
		{4037EC62-74BA-49EC-A2D4-1983559AA732}.Release|Any CPU.ActiveCfg = Release|Any CPU
		{4037EC62-74BA-49EC-A2D4-1983559AA732}.Release|Any CPU.Build.0 = Release|Any CPU
	EndGlobalSection
	GlobalSection(SolutionProperties) = preSolution
		HideSolutionNode = FALSE
	EndGlobalSection
	GlobalSection(ExtensibilityGlobals) = postSolution
		SolutionGuid = {F3F6DD1E-E037-4691-98C4-7D106A746092}
	EndGlobalSection
EndGlobal
